// !$*UTF8*$!
{
	archiveVersion = 1;
	classes = {
	};
	objectVersion = 56;
	objects = {

/* Begin PBXBuildFile section */
		9DDAB5862C71B7370053C4B7 /* BucketApp.swift in Sources */ = {isa = PBXBuildFile; fileRef = 9DDAB5852C71B7370053C4B7 /* BucketApp.swift */; };
		9DDAB5882C71B7370053C4B7 /* ContentView.swift in Sources */ = {isa = PBXBuildFile; fileRef = 9DDAB5872C71B7370053C4B7 /* ContentView.swift */; };
		9DDAB58A2C71B7380053C4B7 /* Assets.xcassets in Resources */ = {isa = PBXBuildFile; fileRef = 9DDAB5892C71B7380053C4B7 /* Assets.xcassets */; };
		9DDAB58D2C71B7380053C4B7 /* Preview Assets.xcassets in Resources */ = {isa = PBXBuildFile; fileRef = 9DDAB58C2C71B7380053C4B7 /* Preview Assets.xcassets */; };
		9DDAB5922C71B7380053C4B7 /* BucketContainer.xcdatamodeld in Sources */ = {isa = PBXBuildFile; fileRef = 9DDAB5902C71B7380053C4B7 /* BucketContainer.xcdatamodeld */; };
		9DDAB59A2C71BBBF0053C4B7 /* CoreDataManager.swift in Sources */ = {isa = PBXBuildFile; fileRef = 9DDAB5992C71BBBF0053C4B7 /* CoreDataManager.swift */; };
		9DDAB59D2C71BDAF0053C4B7 /* CoreDataViewModel.swift in Sources */ = {isa = PBXBuildFile; fileRef = 9DDAB59C2C71BDAF0053C4B7 /* CoreDataViewModel.swift */; };
/* End PBXBuildFile section */

/* Begin PBXFileReference section */
		9DDAB5822C71B7370053C4B7 /* Bucket.app */ = {isa = PBXFileReference; explicitFileType = wrapper.application; includeInIndex = 0; path = Bucket.app; sourceTree = BUILT_PRODUCTS_DIR; };
		9DDAB5852C71B7370053C4B7 /* BucketApp.swift */ = {isa = PBXFileReference; lastKnownFileType = sourcecode.swift; path = BucketApp.swift; sourceTree = "<group>"; };
		9DDAB5872C71B7370053C4B7 /* ContentView.swift */ = {isa = PBXFileReference; lastKnownFileType = sourcecode.swift; path = ContentView.swift; sourceTree = "<group>"; };
		9DDAB5892C71B7380053C4B7 /* Assets.xcassets */ = {isa = PBXFileReference; lastKnownFileType = folder.assetcatalog; path = Assets.xcassets; sourceTree = "<group>"; };
		9DDAB58C2C71B7380053C4B7 /* Preview Assets.xcassets */ = {isa = PBXFileReference; lastKnownFileType = folder.assetcatalog; path = "Preview Assets.xcassets"; sourceTree = "<group>"; };
		9DDAB5912C71B7380053C4B7 /* Bucket.xcdatamodel */ = {isa = PBXFileReference; lastKnownFileType = wrapper.xcdatamodel; path = Bucket.xcdatamodel; sourceTree = "<group>"; };
		9DDAB5992C71BBBF0053C4B7 /* CoreDataManager.swift */ = {isa = PBXFileReference; lastKnownFileType = sourcecode.swift; path = CoreDataManager.swift; sourceTree = "<group>"; };
		9DDAB59C2C71BDAF0053C4B7 /* CoreDataViewModel.swift */ = {isa = PBXFileReference; lastKnownFileType = sourcecode.swift; path = CoreDataViewModel.swift; sourceTree = "<group>"; };
/* End PBXFileReference section */

/* Begin PBXFrameworksBuildPhase section */
		9DDAB57F2C71B7370053C4B7 /* Frameworks */ = {
			isa = PBXFrameworksBuildPhase;
			buildActionMask = 2147483647;
			files = (
			);
			runOnlyForDeploymentPostprocessing = 0;
		};
/* End PBXFrameworksBuildPhase section */

/* Begin PBXGroup section */
		9DDAB5792C71B7360053C4B7 = {
			isa = PBXGroup;
			children = (
				9DDAB5842C71B7370053C4B7 /* Bucket */,
				9DDAB5832C71B7370053C4B7 /* Products */,
			);
			sourceTree = "<group>";
		};
		9DDAB5832C71B7370053C4B7 /* Products */ = {
			isa = PBXGroup;
			children = (
				9DDAB5822C71B7370053C4B7 /* Bucket.app */,
			);
			name = Products;
			sourceTree = "<group>";
		};
		9DDAB5842C71B7370053C4B7 /* Bucket */ = {
			isa = PBXGroup;
			children = (
				9DDAB59B2C71BD930053C4B7 /* ViewModel */,
				9DDAB5982C71BB3E0053C4B7 /* Model */,
				9DDAB5852C71B7370053C4B7 /* BucketApp.swift */,
				9DDAB5872C71B7370053C4B7 /* ContentView.swift */,
				9DDAB5892C71B7380053C4B7 /* Assets.xcassets */,
				9DDAB58B2C71B7380053C4B7 /* Preview Content */,
			);
			path = Bucket;
			sourceTree = "<group>";
		};
		9DDAB58B2C71B7380053C4B7 /* Preview Content */ = {
			isa = PBXGroup;
			children = (
				9DDAB58C2C71B7380053C4B7 /* Preview Assets.xcassets */,
			);
			path = "Preview Content";
			sourceTree = "<group>";
		};
		9DDAB5982C71BB3E0053C4B7 /* Model */ = {
			isa = PBXGroup;
			children = (
				9DDAB5902C71B7380053C4B7 /* BucketContainer.xcdatamodeld */,
				9DDAB5992C71BBBF0053C4B7 /* CoreDataManager.swift */,
			);
			path = Model;
			sourceTree = "<group>";
		};
		9DDAB59B2C71BD930053C4B7 /* ViewModel */ = {
			isa = PBXGroup;
			children = (
				9DDAB59C2C71BDAF0053C4B7 /* CoreDataViewModel.swift */,
			);
			path = ViewModel;
			sourceTree = "<group>";
		};
/* End PBXGroup section */

/* Begin PBXNativeTarget section */
		9DDAB5812C71B7370053C4B7 /* Bucket */ = {
			isa = PBXNativeTarget;
			buildConfigurationList = 9DDAB5952C71B7380053C4B7 /* Build configuration list for PBXNativeTarget "Bucket" */;
			buildPhases = (
				9DDAB57E2C71B7370053C4B7 /* Sources */,
				9DDAB57F2C71B7370053C4B7 /* Frameworks */,
				9DDAB5802C71B7370053C4B7 /* Resources */,
			);
			buildRules = (
			);
			dependencies = (
			);
			name = Bucket;
			productName = Bucket;
			productReference = 9DDAB5822C71B7370053C4B7 /* Bucket.app */;
			productType = "com.apple.product-type.application";
		};
/* End PBXNativeTarget section */

/* Begin PBXProject section */
		9DDAB57A2C71B7360053C4B7 /* Project object */ = {
			isa = PBXProject;
			attributes = {
				BuildIndependentTargetsInParallel = 1;
				LastSwiftUpdateCheck = 1540;
				LastUpgradeCheck = 1540;
				TargetAttributes = {
					9DDAB5812C71B7370053C4B7 = {
						CreatedOnToolsVersion = 15.4;
					};
				};
			};
			buildConfigurationList = 9DDAB57D2C71B7360053C4B7 /* Build configuration list for PBXProject "Bucket" */;
			compatibilityVersion = "Xcode 14.0";
			developmentRegion = en;
			hasScannedForEncodings = 0;
			knownRegions = (
				en,
				Base,
			);
			mainGroup = 9DDAB5792C71B7360053C4B7;
			productRefGroup = 9DDAB5832C71B7370053C4B7 /* Products */;
			projectDirPath = "";
			projectRoot = "";
			targets = (
				9DDAB5812C71B7370053C4B7 /* Bucket */,
			);
		};
/* End PBXProject section */

/* Begin PBXResourcesBuildPhase section */
		9DDAB5802C71B7370053C4B7 /* Resources */ = {
			isa = PBXResourcesBuildPhase;
			buildActionMask = 2147483647;
			files = (
				9DDAB58D2C71B7380053C4B7 /* Preview Assets.xcassets in Resources */,
				9DDAB58A2C71B7380053C4B7 /* Assets.xcassets in Resources */,
			);
			runOnlyForDeploymentPostprocessing = 0;
		};
/* End PBXResourcesBuildPhase section */

/* Begin PBXSourcesBuildPhase section */
		9DDAB57E2C71B7370053C4B7 /* Sources */ = {
			isa = PBXSourcesBuildPhase;
			buildActionMask = 2147483647;
			files = (
				9DDAB59D2C71BDAF0053C4B7 /* CoreDataViewModel.swift in Sources */,
				9DDAB5922C71B7380053C4B7 /* BucketContainer.xcdatamodeld in Sources */,
				9DDAB5882C71B7370053C4B7 /* ContentView.swift in Sources */,
				9DDAB59A2C71BBBF0053C4B7 /* CoreDataManager.swift in Sources */,
				9DDAB5862C71B7370053C4B7 /* BucketApp.swift in Sources */,
			);
			runOnlyForDeploymentPostprocessing = 0;
		};
/* End PBXSourcesBuildPhase section */

/* Begin XCBuildConfiguration section */
		9DDAB5932C71B7380053C4B7 /* Debug */ = {
			isa = XCBuildConfiguration;
			buildSettings = {
				ALWAYS_SEARCH_USER_PATHS = NO;
				ASSETCATALOG_COMPILER_GENERATE_SWIFT_ASSET_SYMBOL_EXTENSIONS = YES;
				CLANG_ANALYZER_NONNULL = YES;
				CLANG_ANALYZER_NUMBER_OBJECT_CONVERSION = YES_AGGRESSIVE;
				CLANG_CXX_LANGUAGE_STANDARD = "gnu++20";
				CLANG_ENABLE_MODULES = YES;
				CLANG_ENABLE_OBJC_ARC = YES;
				CLANG_ENABLE_OBJC_WEAK = YES;
				CLANG_WARN_BLOCK_CAPTURE_AUTORELEASING = YES;
				CLANG_WARN_BOOL_CONVERSION = YES;
				CLANG_WARN_COMMA = YES;
				CLANG_WARN_CONSTANT_CONVERSION = YES;
				CLANG_WARN_DEPRECATED_OBJC_IMPLEMENTATIONS = YES;
				CLANG_WARN_DIRECT_OBJC_ISA_USAGE = YES_ERROR;
				CLANG_WARN_DOCUMENTATION_COMMENTS = YES;
				CLANG_WARN_EMPTY_BODY = YES;
				CLANG_WARN_ENUM_CONVERSION = YES;
				CLANG_WARN_INFINITE_RECURSION = YES;
				CLANG_WARN_INT_CONVERSION = YES;
				CLANG_WARN_NON_LITERAL_NULL_CONVERSION = YES;
				CLANG_WARN_OBJC_IMPLICIT_RETAIN_SELF = YES;
				CLANG_WARN_OBJC_LITERAL_CONVERSION = YES;
				CLANG_WARN_OBJC_ROOT_CLASS = YES_ERROR;
				CLANG_WARN_QUOTED_INCLUDE_IN_FRAMEWORK_HEADER = YES;
				CLANG_WARN_RANGE_LOOP_ANALYSIS = YES;
				CLANG_WARN_STRICT_PROTOTYPES = YES;
				CLANG_WARN_SUSPICIOUS_MOVE = YES;
				CLANG_WARN_UNGUARDED_AVAILABILITY = YES_AGGRESSIVE;
				CLANG_WARN_UNREACHABLE_CODE = YES;
				CLANG_WARN__DUPLICATE_METHOD_MATCH = YES;
				COPY_PHASE_STRIP = NO;
				DEBUG_INFORMATION_FORMAT = dwarf;
				ENABLE_STRICT_OBJC_MSGSEND = YES;
				ENABLE_TESTABILITY = YES;
				ENABLE_USER_SCRIPT_SANDBOXING = YES;
				GCC_C_LANGUAGE_STANDARD = gnu17;
				GCC_DYNAMIC_NO_PIC = NO;
				GCC_NO_COMMON_BLOCKS = YES;
				GCC_OPTIMIZATION_LEVEL = 0;
				GCC_PREPROCESSOR_DEFINITIONS = (
					"DEBUG=1",
					"$(inherited)",
				);
				GCC_WARN_64_TO_32_BIT_CONVERSION = YES;
				GCC_WARN_ABOUT_RETURN_TYPE = YES_ERROR;
				GCC_WARN_UNDECLARED_SELECTOR = YES;
				GCC_WARN_UNINITIALIZED_AUTOS = YES_AGGRESSIVE;
				GCC_WARN_UNUSED_FUNCTION = YES;
				GCC_WARN_UNUSED_VARIABLE = YES;
				IPHONEOS_DEPLOYMENT_TARGET = 17.5;
				LOCALIZATION_PREFERS_STRING_CATALOGS = YES;
				MTL_ENABLE_DEBUG_INFO = INCLUDE_SOURCE;
				MTL_FAST_MATH = YES;
				ONLY_ACTIVE_ARCH = YES;
				SDKROOT = iphoneos;
				SWIFT_ACTIVE_COMPILATION_CONDITIONS = "DEBUG $(inherited)";
				SWIFT_OPTIMIZATION_LEVEL = "-Onone";
			};
			name = Debug;
		};
		9DDAB5942C71B7380053C4B7 /* Release */ = {
			isa = XCBuildConfiguration;
			buildSettings = {
				ALWAYS_SEARCH_USER_PATHS = NO;
				ASSETCATALOG_COMPILER_GENERATE_SWIFT_ASSET_SYMBOL_EXTENSIONS = YES;
				CLANG_ANALYZER_NONNULL = YES;
				CLANG_ANALYZER_NUMBER_OBJECT_CONVERSION = YES_AGGRESSIVE;
				CLANG_CXX_LANGUAGE_STANDARD = "gnu++20";
				CLANG_ENABLE_MODULES = YES;
				CLANG_ENABLE_OBJC_ARC = YES;
				CLANG_ENABLE_OBJC_WEAK = YES;
				CLANG_WARN_BLOCK_CAPTURE_AUTORELEASING = YES;
				CLANG_WARN_BOOL_CONVERSION = YES;
				CLANG_WARN_COMMA = YES;
				CLANG_WARN_CONSTANT_CONVERSION = YES;
				CLANG_WARN_DEPRECATED_OBJC_IMPLEMENTATIONS = YES;
				CLANG_WARN_DIRECT_OBJC_ISA_USAGE = YES_ERROR;
				CLANG_WARN_DOCUMENTATION_COMMENTS = YES;
				CLANG_WARN_EMPTY_BODY = YES;
				CLANG_WARN_ENUM_CONVERSION = YES;
				CLANG_WARN_INFINITE_RECURSION = YES;
				CLANG_WARN_INT_CONVERSION = YES;
				CLANG_WARN_NON_LITERAL_NULL_CONVERSION = YES;
				CLANG_WARN_OBJC_IMPLICIT_RETAIN_SELF = YES;
				CLANG_WARN_OBJC_LITERAL_CONVERSION = YES;
				CLANG_WARN_OBJC_ROOT_CLASS = YES_ERROR;
				CLANG_WARN_QUOTED_INCLUDE_IN_FRAMEWORK_HEADER = YES;
				CLANG_WARN_RANGE_LOOP_ANALYSIS = YES;
				CLANG_WARN_STRICT_PROTOTYPES = YES;
				CLANG_WARN_SUSPICIOUS_MOVE = YES;
				CLANG_WARN_UNGUARDED_AVAILABILITY = YES_AGGRESSIVE;
				CLANG_WARN_UNREACHABLE_CODE = YES;
				CLANG_WARN__DUPLICATE_METHOD_MATCH = YES;
				COPY_PHASE_STRIP = NO;
				DEBUG_INFORMATION_FORMAT = "dwarf-with-dsym";
				ENABLE_NS_ASSERTIONS = NO;
				ENABLE_STRICT_OBJC_MSGSEND = YES;
				ENABLE_USER_SCRIPT_SANDBOXING = YES;
				GCC_C_LANGUAGE_STANDARD = gnu17;
				GCC_NO_COMMON_BLOCKS = YES;
				GCC_WARN_64_TO_32_BIT_CONVERSION = YES;
				GCC_WARN_ABOUT_RETURN_TYPE = YES_ERROR;
				GCC_WARN_UNDECLARED_SELECTOR = YES;
				GCC_WARN_UNINITIALIZED_AUTOS = YES_AGGRESSIVE;
				GCC_WARN_UNUSED_FUNCTION = YES;
				GCC_WARN_UNUSED_VARIABLE = YES;
				IPHONEOS_DEPLOYMENT_TARGET = 17.5;
				LOCALIZATION_PREFERS_STRING_CATALOGS = YES;
				MTL_ENABLE_DEBUG_INFO = NO;
				MTL_FAST_MATH = YES;
				SDKROOT = iphoneos;
				SWIFT_COMPILATION_MODE = wholemodule;
				VALIDATE_PRODUCT = YES;
			};
			name = Release;
		};
		9DDAB5962C71B7380053C4B7 /* Debug */ = {
			isa = XCBuildConfiguration;
			buildSettings = {
				ASSETCATALOG_COMPILER_APPICON_NAME = AppIcon;
				ASSETCATALOG_COMPILER_GLOBAL_ACCENT_COLOR_NAME = AccentColor;
				CODE_SIGN_STYLE = Automatic;
				CURRENT_PROJECT_VERSION = 1;
				DEVELOPMENT_ASSET_PATHS = "\"Bucket/Preview Content\"";
				DEVELOPMENT_TEAM = 5XKBFWNT2Y;
				ENABLE_PREVIEWS = YES;
				GENERATE_INFOPLIST_FILE = YES;
				INFOPLIST_KEY_UIApplicationSceneManifest_Generation = YES;
				INFOPLIST_KEY_UIApplicationSupportsIndirectInputEvents = YES;
				INFOPLIST_KEY_UILaunchScreen_Generation = YES;
				INFOPLIST_KEY_UISupportedInterfaceOrientations_iPad = "UIInterfaceOrientationPortrait UIInterfaceOrientationPortraitUpsideDown UIInterfaceOrientationLandscapeLeft UIInterfaceOrientationLandscapeRight";
				INFOPLIST_KEY_UISupportedInterfaceOrientations_iPhone = "UIInterfaceOrientationPortrait UIInterfaceOrientationLandscapeLeft UIInterfaceOrientationLandscapeRight";
				LD_RUNPATH_SEARCH_PATHS = (
					"$(inherited)",
					"@executable_path/Frameworks",
				);
				MARKETING_VERSION = 1.0;
				PRODUCT_BUNDLE_IDENTIFIER = me.ringgit.Bucket;
				PRODUCT_NAME = "$(TARGET_NAME)";
				SWIFT_EMIT_LOC_STRINGS = YES;
				SWIFT_VERSION = 5.0;
				TARGETED_DEVICE_FAMILY = "1,2";
			};
			name = Debug;
		};
		9DDAB5972C71B7380053C4B7 /* Release */ = {
			isa = XCBuildConfiguration;
			buildSettings = {
				ASSETCATALOG_COMPILER_APPICON_NAME = AppIcon;
				ASSETCATALOG_COMPILER_GLOBAL_ACCENT_COLOR_NAME = AccentColor;
				CODE_SIGN_STYLE = Automatic;
				CURRENT_PROJECT_VERSION = 1;
				DEVELOPMENT_ASSET_PATHS = "\"Bucket/Preview Content\"";
				DEVELOPMENT_TEAM = 5XKBFWNT2Y;
				ENABLE_PREVIEWS = YES;
				GENERATE_INFOPLIST_FILE = YES;
				INFOPLIST_KEY_UIApplicationSceneManifest_Generation = YES;
				INFOPLIST_KEY_UIApplicationSupportsIndirectInputEvents = YES;
				INFOPLIST_KEY_UILaunchScreen_Generation = YES;
				INFOPLIST_KEY_UISupportedInterfaceOrientations_iPad = "UIInterfaceOrientationPortrait UIInterfaceOrientationPortraitUpsideDown UIInterfaceOrientationLandscapeLeft UIInterfaceOrientationLandscapeRight";
				INFOPLIST_KEY_UISupportedInterfaceOrientations_iPhone = "UIInterfaceOrientationPortrait UIInterfaceOrientationLandscapeLeft UIInterfaceOrientationLandscapeRight";
				LD_RUNPATH_SEARCH_PATHS = (
					"$(inherited)",
					"@executable_path/Frameworks",
				);
				MARKETING_VERSION = 1.0;
				PRODUCT_BUNDLE_IDENTIFIER = me.ringgit.Bucket;
				PRODUCT_NAME = "$(TARGET_NAME)";
				SWIFT_EMIT_LOC_STRINGS = YES;
				SWIFT_VERSION = 5.0;
				TARGETED_DEVICE_FAMILY = "1,2";
			};
			name = Release;
		};
/* End XCBuildConfiguration section */

/* Begin XCConfigurationList section */
		9DDAB57D2C71B7360053C4B7 /* Build configuration list for PBXProject "Bucket" */ = {
			isa = XCConfigurationList;
			buildConfigurations = (
				9DDAB5932C71B7380053C4B7 /* Debug */,
				9DDAB5942C71B7380053C4B7 /* Release */,
			);
			defaultConfigurationIsVisible = 0;
			defaultConfigurationName = Release;
		};
		9DDAB5952C71B7380053C4B7 /* Build configuration list for PBXNativeTarget "Bucket" */ = {
			isa = XCConfigurationList;
			buildConfigurations = (
				9DDAB5962C71B7380053C4B7 /* Debug */,
				9DDAB5972C71B7380053C4B7 /* Release */,
			);
			defaultConfigurationIsVisible = 0;
			defaultConfigurationName = Release;
		};
/* End XCConfigurationList section */

/* Begin XCVersionGroup section */
		9DDAB5902C71B7380053C4B7 /* BucketContainer.xcdatamodeld */ = {
			isa = XCVersionGroup;
			children = (
				9DDAB5912C71B7380053C4B7 /* Bucket.xcdatamodel */,
			);
			currentVersion = 9DDAB5912C71B7380053C4B7 /* Bucket.xcdatamodel */;
			path = BucketContainer.xcdatamodeld;
			sourceTree = "<group>";
			versionGroupType = wrapper.xcdatamodel;
		};
/* End XCVersionGroup section */
	};
	rootObject = 9DDAB57A2C71B7360053C4B7 /* Project object */;
}
